<?xml version="1.0" encoding="utf-8"?>
<Project ToolsVersion="4.0" xmlns="http://schemas.microsoft.com/developer/msbuild/2003">
  <ItemGroup>
    <ClCompile Include="Framework\ball.cpp">
      <Filter>Framework</Filter>
    </ClCompile>
    <ClCompile Include="Framework\BallManager.cpp">
      <Filter>Framework</Filter>
    </ClCompile>
    <ClCompile Include="Framework\field.cpp">
      <Filter>Framework</Filter>
    </ClCompile>
    <ClCompile Include="Framework\FieldManager.cpp">
      <Filter>Framework</Filter>
    </ClCompile>
    <ClCompile Include="Framework\game.cpp">
      <Filter>Framework</Filter>
    </ClCompile>
    <ClCompile Include="Framework\InputManager.cpp">
      <Filter>Framework</Filter>
    </ClCompile>
    <ClCompile Include="Framework\keyProcess.cpp">
      <Filter>Framework</Filter>
    </ClCompile>
    <ClCompile Include="Framework\object.cpp">
      <Filter>Framework</Filter>
    </ClCompile>
    <ClCompile Include="Framework\openGLStuff.cpp">
      <Filter>Framework</Filter>
    </ClCompile>
    <ClCompile Include="Framework\random.cpp">
      <Filter>Framework</Filter>
    </ClCompile>
    <ClCompile Include="Framework\ShapeDraw.cpp">
      <Filter>Framework</Filter>
    </ClCompile>
    <ClCompile Include="Framework\SpriteDemoManager.cpp">
      <Filter>Framework</Filter>
    </ClCompile>
    <ClCompile Include="Framework\stateManager.cpp">
      <Filter>Framework</Filter>
    </ClCompile>
    <ClCompile Include="Program.cpp" />
  </ItemGroup>
  <ItemGroup>
    <ClInclude Include="Framework\ball.h">
      <Filter>Framework</Filter>
    </ClInclude>
    <ClInclude Include="Framework\BallManager.h">
      <Filter>Framework</Filter>
    </ClInclude>
    <ClInclude Include="Framework\baseTypes.h">
      <Filter>Framework</Filter>
    </ClInclude>
    <ClInclude Include="Framework\collInfo.h">
      <Filter>Framework</Filter>
    </ClInclude>
    <ClInclude Include="Framework\field.h">
      <Filter>Framework</Filter>
    </ClInclude>
    <ClInclude Include="Framework\FieldManager.h">
      <Filter>Framework</Filter>
    </ClInclude>
    <ClInclude Include="Framework\game.h">
      <Filter>Framework</Filter>
    </ClInclude>
    <ClInclude Include="Framework\gamedefs.h">
      <Filter>Framework</Filter>
    </ClInclude>
    <ClInclude Include="Framework\gameObjects.h">
      <Filter>Framework</Filter>
    </ClInclude>
    <ClInclude Include="Framework\Object.h">
      <Filter>Framework</Filter>
    </ClInclude>
    <ClInclude Include="Framework\openGLStuff.h">
      <Filter>Framework</Filter>
    </ClInclude>
    <ClInclude Include="Framework\random.h">
      <Filter>Framework</Filter>
    </ClInclude>
    <ClInclude Include="Framework\ShapeDraw.h">
      <Filter>Framework</Filter>
    </ClInclude>
    <ClInclude Include="Framework\SpriteDemoManager.h">
      <Filter>Framework</Filter>
    </ClInclude>
    <ClInclude Include="Framework\stateManager.h">
      <Filter>Framework</Filter>
    </ClInclude>
    <ClInclude Include="Framework\types.h">
      <Filter>Framework</Filter>
    </ClInclude>
    <ClInclude Include="Program.h" />
  </ItemGroup>
  <ItemGroup>
    <Filter Include="Framework">
      <UniqueIdentifier>{76652bd3-696c-4e7b-ad1b-d5f369c7a06e}</UniqueIdentifier>
    </Filter>
    <Filter Include="Content">
      <UniqueIdentifier>{4fbde018-dbf2-455d-b20a-1c4ca1b94461}</UniqueIdentifier>
    </Filter>
  </ItemGroup>
  <ItemGroup>
    <Image Include="Content\snoods_default.png">
      <Filter>Content</Filter>
    </Image>
  </ItemGroup>
</Project>